// !$*UTF8*$!
{
	archiveVersion = 1;
	classes = {
	};
	objectVersion = 50;
	objects = {

/* Begin PBXBuildFile section */
		1A9788D826AB382400043877 /* AppDelegate.swift in Sources */ = {isa = PBXBuildFile; fileRef = 1A9788D726AB382400043877 /* AppDelegate.swift */; };
		1A9788DA26AB382400043877 /* SceneDelegate.swift in Sources */ = {isa = PBXBuildFile; fileRef = 1A9788D926AB382400043877 /* SceneDelegate.swift */; };
		1A9788E426AB382A00043877 /* LaunchScreen.storyboard in Resources */ = {isa = PBXBuildFile; fileRef = 1A9788E226AB382A00043877 /* LaunchScreen.storyboard */; };
		1A9788F026AB38C300043877 /* ProfileViewController.swift in Sources */ = {isa = PBXBuildFile; fileRef = 1A9788EB26AB38C200043877 /* ProfileViewController.swift */; };
		1A9788F126AB38C300043877 /* AddViewController.swift in Sources */ = {isa = PBXBuildFile; fileRef = 1A9788EC26AB38C200043877 /* AddViewController.swift */; };
		1A9788F326AB38C300043877 /* HomeViewController.swift in Sources */ = {isa = PBXBuildFile; fileRef = 1A9788EE26AB38C200043877 /* HomeViewController.swift */; };
		1A9788F426AB38C300043877 /* SearchViewController.swift in Sources */ = {isa = PBXBuildFile; fileRef = 1A9788EF26AB38C200043877 /* SearchViewController.swift */; };
		1A9788FA26AB38EC00043877 /* Main.storyboard in Resources */ = {isa = PBXBuildFile; fileRef = 1A9788F926AB38EC00043877 /* Main.storyboard */; };
		1A97890A26AB3B8000043877 /* RecommendTableViewCell.swift in Sources */ = {isa = PBXBuildFile; fileRef = 1A97890426AB3B7E00043877 /* RecommendTableViewCell.swift */; };
		1A97890B26AB3B8000043877 /* StoriesTableViewCell.xib in Resources */ = {isa = PBXBuildFile; fileRef = 1A97890526AB3B7F00043877 /* StoriesTableViewCell.xib */; };
		1A97890C26AB3B8000043877 /* StoriesTableViewCell.swift in Sources */ = {isa = PBXBuildFile; fileRef = 1A97890626AB3B7F00043877 /* StoriesTableViewCell.swift */; };
		1A97890D26AB3B8000043877 /* PictureTableViewCell.xib in Resources */ = {isa = PBXBuildFile; fileRef = 1A97890726AB3B8000043877 /* PictureTableViewCell.xib */; };
		1A97890E26AB3B8000043877 /* PictureTableViewCell.swift in Sources */ = {isa = PBXBuildFile; fileRef = 1A97890826AB3B8000043877 /* PictureTableViewCell.swift */; };
		1A97890F26AB3B8000043877 /* RecommendTableViewCell.xib in Resources */ = {isa = PBXBuildFile; fileRef = 1A97890926AB3B8000043877 /* RecommendTableViewCell.xib */; };
		1A97891126AB3BE800043877 /* Assets.xcassets in Resources */ = {isa = PBXBuildFile; fileRef = 1A97891026AB3BE800043877 /* Assets.xcassets */; };
		1A97891326AB5FD900043877 /* LikeTableViewController.swift in Sources */ = {isa = PBXBuildFile; fileRef = 1A97891226AB5FD900043877 /* LikeTableViewController.swift */; };
		1A97891526AB607800043877 /* RequestTableViewCell.swift in Sources */ = {isa = PBXBuildFile; fileRef = 1A97891426AB607800043877 /* RequestTableViewCell.swift */; };
		1A97891826AB6EA600043877 /* TodayTableViewCell.swift in Sources */ = {isa = PBXBuildFile; fileRef = 1A97891726AB6EA600043877 /* TodayTableViewCell.swift */; };
		1A97891A26AB6EB300043877 /* WeeklyTableViewCell.swift in Sources */ = {isa = PBXBuildFile; fileRef = 1A97891926AB6EB300043877 /* WeeklyTableViewCell.swift */; };
		1A97891C26AB9C3700043877 /* Action.swift in Sources */ = {isa = PBXBuildFile; fileRef = 1A97891B26AB9C3700043877 /* Action.swift */; };
		1AAF196D26AD989800CDD9F7 /* ProfileTableViewCell.swift in Sources */ = {isa = PBXBuildFile; fileRef = 1AAF196C26AD989800CDD9F7 /* ProfileTableViewCell.swift */; };
		1AAF197126ADC14F00CDD9F7 /* StorysTableViewCell.swift in Sources */ = {isa = PBXBuildFile; fileRef = 1AAF197026ADC14F00CDD9F7 /* StorysTableViewCell.swift */; };
		1AAF197326ADC1D200CDD9F7 /* StoriesCollectionViewCell.swift in Sources */ = {isa = PBXBuildFile; fileRef = 1AAF197226ADC1D200CDD9F7 /* StoriesCollectionViewCell.swift */; };
		1AAF197526ADC66F00CDD9F7 /* History.swift in Sources */ = {isa = PBXBuildFile; fileRef = 1AAF197426ADC66F00CDD9F7 /* History.swift */; };
		1AAF197726AE6ECA00CDD9F7 /* SegmentTableViewCell.swift in Sources */ = {isa = PBXBuildFile; fileRef = 1AAF197626AE6ECA00CDD9F7 /* SegmentTableViewCell.swift */; };
		1AAF197926AE80FA00CDD9F7 /* PicturesTableViewCell.swift in Sources */ = {isa = PBXBuildFile; fileRef = 1AAF197826AE80FA00CDD9F7 /* PicturesTableViewCell.swift */; };
		1AAF197D26AE81A700CDD9F7 /* PicturesCollectionViewCell.swift in Sources */ = {isa = PBXBuildFile; fileRef = 1AAF197C26AE81A700CDD9F7 /* PicturesCollectionViewCell.swift */; };
		1AAF197F26AE93CA00CDD9F7 /* PhotoAlbum.swift in Sources */ = {isa = PBXBuildFile; fileRef = 1AAF197E26AE93CA00CDD9F7 /* PhotoAlbum.swift */; };
/* End PBXBuildFile section */

/* Begin PBXFileReference section */
		1A9788D426AB382400043877 /* InstagramClone.app */ = {isa = PBXFileReference; explicitFileType = wrapper.application; includeInIndex = 0; path = InstagramClone.app; sourceTree = BUILT_PRODUCTS_DIR; };
		1A9788D726AB382400043877 /* AppDelegate.swift */ = {isa = PBXFileReference; lastKnownFileType = sourcecode.swift; path = AppDelegate.swift; sourceTree = "<group>"; };
		1A9788D926AB382400043877 /* SceneDelegate.swift */ = {isa = PBXFileReference; lastKnownFileType = sourcecode.swift; path = SceneDelegate.swift; sourceTree = "<group>"; };
		1A9788E326AB382A00043877 /* Base */ = {isa = PBXFileReference; lastKnownFileType = file.storyboard; name = Base; path = Base.lproj/LaunchScreen.storyboard; sourceTree = "<group>"; };
		1A9788E526AB382A00043877 /* Info.plist */ = {isa = PBXFileReference; lastKnownFileType = text.plist.xml; path = Info.plist; sourceTree = "<group>"; };
		1A9788EB26AB38C200043877 /* ProfileViewController.swift */ = {isa = PBXFileReference; fileEncoding = 4; lastKnownFileType = sourcecode.swift; path = ProfileViewController.swift; sourceTree = "<group>"; };
		1A9788EC26AB38C200043877 /* AddViewController.swift */ = {isa = PBXFileReference; fileEncoding = 4; lastKnownFileType = sourcecode.swift; path = AddViewController.swift; sourceTree = "<group>"; };
		1A9788EE26AB38C200043877 /* HomeViewController.swift */ = {isa = PBXFileReference; fileEncoding = 4; lastKnownFileType = sourcecode.swift; path = HomeViewController.swift; sourceTree = "<group>"; };
		1A9788EF26AB38C200043877 /* SearchViewController.swift */ = {isa = PBXFileReference; fileEncoding = 4; lastKnownFileType = sourcecode.swift; path = SearchViewController.swift; sourceTree = "<group>"; };
		1A9788F926AB38EC00043877 /* Main.storyboard */ = {isa = PBXFileReference; fileEncoding = 4; lastKnownFileType = file.storyboard; path = Main.storyboard; sourceTree = "<group>"; };
		1A97890426AB3B7E00043877 /* RecommendTableViewCell.swift */ = {isa = PBXFileReference; fileEncoding = 4; lastKnownFileType = sourcecode.swift; path = RecommendTableViewCell.swift; sourceTree = "<group>"; };
		1A97890526AB3B7F00043877 /* StoriesTableViewCell.xib */ = {isa = PBXFileReference; fileEncoding = 4; lastKnownFileType = file.xib; path = StoriesTableViewCell.xib; sourceTree = "<group>"; };
		1A97890626AB3B7F00043877 /* StoriesTableViewCell.swift */ = {isa = PBXFileReference; fileEncoding = 4; lastKnownFileType = sourcecode.swift; path = StoriesTableViewCell.swift; sourceTree = "<group>"; };
		1A97890726AB3B8000043877 /* PictureTableViewCell.xib */ = {isa = PBXFileReference; fileEncoding = 4; lastKnownFileType = file.xib; path = PictureTableViewCell.xib; sourceTree = "<group>"; };
		1A97890826AB3B8000043877 /* PictureTableViewCell.swift */ = {isa = PBXFileReference; fileEncoding = 4; lastKnownFileType = sourcecode.swift; path = PictureTableViewCell.swift; sourceTree = "<group>"; };
		1A97890926AB3B8000043877 /* RecommendTableViewCell.xib */ = {isa = PBXFileReference; fileEncoding = 4; lastKnownFileType = file.xib; path = RecommendTableViewCell.xib; sourceTree = "<group>"; };
		1A97891026AB3BE800043877 /* Assets.xcassets */ = {isa = PBXFileReference; lastKnownFileType = folder.assetcatalog; path = Assets.xcassets; sourceTree = "<group>"; };
		1A97891226AB5FD900043877 /* LikeTableViewController.swift */ = {isa = PBXFileReference; lastKnownFileType = sourcecode.swift; path = LikeTableViewController.swift; sourceTree = "<group>"; };
		1A97891426AB607800043877 /* RequestTableViewCell.swift */ = {isa = PBXFileReference; lastKnownFileType = sourcecode.swift; path = RequestTableViewCell.swift; sourceTree = "<group>"; };
		1A97891726AB6EA600043877 /* TodayTableViewCell.swift */ = {isa = PBXFileReference; lastKnownFileType = sourcecode.swift; path = TodayTableViewCell.swift; sourceTree = "<group>"; };
		1A97891926AB6EB300043877 /* WeeklyTableViewCell.swift */ = {isa = PBXFileReference; lastKnownFileType = sourcecode.swift; path = WeeklyTableViewCell.swift; sourceTree = "<group>"; };
		1A97891B26AB9C3700043877 /* Action.swift */ = {isa = PBXFileReference; lastKnownFileType = sourcecode.swift; path = Action.swift; sourceTree = "<group>"; };
		1AAF196C26AD989800CDD9F7 /* ProfileTableViewCell.swift */ = {isa = PBXFileReference; lastKnownFileType = sourcecode.swift; path = ProfileTableViewCell.swift; sourceTree = "<group>"; };
		1AAF197026ADC14F00CDD9F7 /* StorysTableViewCell.swift */ = {isa = PBXFileReference; lastKnownFileType = sourcecode.swift; path = StorysTableViewCell.swift; sourceTree = "<group>"; };
		1AAF197226ADC1D200CDD9F7 /* StoriesCollectionViewCell.swift */ = {isa = PBXFileReference; lastKnownFileType = sourcecode.swift; path = StoriesCollectionViewCell.swift; sourceTree = "<group>"; };
		1AAF197426ADC66F00CDD9F7 /* History.swift */ = {isa = PBXFileReference; lastKnownFileType = sourcecode.swift; path = History.swift; sourceTree = "<group>"; };
		1AAF197626AE6ECA00CDD9F7 /* SegmentTableViewCell.swift */ = {isa = PBXFileReference; lastKnownFileType = sourcecode.swift; path = SegmentTableViewCell.swift; sourceTree = "<group>"; };
		1AAF197826AE80FA00CDD9F7 /* PicturesTableViewCell.swift */ = {isa = PBXFileReference; lastKnownFileType = sourcecode.swift; path = PicturesTableViewCell.swift; sourceTree = "<group>"; };
		1AAF197C26AE81A700CDD9F7 /* PicturesCollectionViewCell.swift */ = {isa = PBXFileReference; lastKnownFileType = sourcecode.swift; path = PicturesCollectionViewCell.swift; sourceTree = "<group>"; };
		1AAF197E26AE93CA00CDD9F7 /* PhotoAlbum.swift */ = {isa = PBXFileReference; lastKnownFileType = sourcecode.swift; path = PhotoAlbum.swift; sourceTree = "<group>"; };
/* End PBXFileReference section */

/* Begin PBXFrameworksBuildPhase section */
		1A9788D126AB382400043877 /* Frameworks */ = {
			isa = PBXFrameworksBuildPhase;
			buildActionMask = 2147483647;
			files = (
			);
			runOnlyForDeploymentPostprocessing = 0;
		};
/* End PBXFrameworksBuildPhase section */

/* Begin PBXGroup section */
		1A9788CB26AB382400043877 = {
			isa = PBXGroup;
			children = (
				1A9788D626AB382400043877 /* InstagramClone */,
				1A9788D526AB382400043877 /* Products */,
			);
			sourceTree = "<group>";
		};
		1A9788D526AB382400043877 /* Products */ = {
			isa = PBXGroup;
			children = (
				1A9788D426AB382400043877 /* InstagramClone.app */,
			);
			name = Products;
			sourceTree = "<group>";
		};
		1A9788D626AB382400043877 /* InstagramClone */ = {
			isa = PBXGroup;
			children = (
				1A9788D726AB382400043877 /* AppDelegate.swift */,
				1A9788D926AB382400043877 /* SceneDelegate.swift */,
				1A9788EC26AB38C200043877 /* AddViewController.swift */,
				1A9788EE26AB38C200043877 /* HomeViewController.swift */,
				1A97891226AB5FD900043877 /* LikeTableViewController.swift */,
				1A9788EF26AB38C200043877 /* SearchViewController.swift */,
				1A9788F926AB38EC00043877 /* Main.storyboard */,
				1AAF197426ADC66F00CDD9F7 /* History.swift */,
				1AAF197E26AE93CA00CDD9F7 /* PhotoAlbum.swift */,
				1A9788EB26AB38C200043877 /* ProfileViewController.swift */,
				1AAF196C26AD989800CDD9F7 /* ProfileTableViewCell.swift */,
				1AAF197226ADC1D200CDD9F7 /* StoriesCollectionViewCell.swift */,
				1AAF197026ADC14F00CDD9F7 /* StorysTableViewCell.swift */,
				1AAF197626AE6ECA00CDD9F7 /* SegmentTableViewCell.swift */,
				1AAF197826AE80FA00CDD9F7 /* PicturesTableViewCell.swift */,
				1AAF197C26AE81A700CDD9F7 /* PicturesCollectionViewCell.swift */,
				1A97891B26AB9C3700043877 /* Action.swift */,
				1A97891426AB607800043877 /* RequestTableViewCell.swift */,
				1A97891726AB6EA600043877 /* TodayTableViewCell.swift */,
				1A97891926AB6EB300043877 /* WeeklyTableViewCell.swift */,
				1A97891626AB6B7C00043877 /* Xib */,
				1A97891026AB3BE800043877 /* Assets.xcassets */,
				1A9788E226AB382A00043877 /* LaunchScreen.storyboard */,
				1A9788E526AB382A00043877 /* Info.plist */,
			);
			path = InstagramClone;
			sourceTree = "<group>";
		};
		1A97891626AB6B7C00043877 /* Xib */ = {
			isa = PBXGroup;
			children = (
				1A97890826AB3B8000043877 /* PictureTableViewCell.swift */,
				1A97890726AB3B8000043877 /* PictureTableViewCell.xib */,
				1A97890426AB3B7E00043877 /* RecommendTableViewCell.swift */,
				1A97890926AB3B8000043877 /* RecommendTableViewCell.xib */,
				1A97890626AB3B7F00043877 /* StoriesTableViewCell.swift */,
				1A97890526AB3B7F00043877 /* StoriesTableViewCell.xib */,
			);
			path = Xib;
			sourceTree = "<group>";
		};
/* End PBXGroup section */

/* Begin PBXNativeTarget section */
		1A9788D326AB382400043877 /* InstagramClone */ = {
			isa = PBXNativeTarget;
			buildConfigurationList = 1A9788E826AB382A00043877 /* Build configuration list for PBXNativeTarget "InstagramClone" */;
			buildPhases = (
				1A9788D026AB382400043877 /* Sources */,
				1A9788D126AB382400043877 /* Frameworks */,
				1A9788D226AB382400043877 /* Resources */,
			);
			buildRules = (
			);
			dependencies = (
			);
			name = InstagramClone;
			productName = InstagramClone;
			productReference = 1A9788D426AB382400043877 /* InstagramClone.app */;
			productType = "com.apple.product-type.application";
		};
/* End PBXNativeTarget section */

/* Begin PBXProject section */
		1A9788CC26AB382400043877 /* Project object */ = {
			isa = PBXProject;
			attributes = {
				LastSwiftUpdateCheck = 1250;
				LastUpgradeCheck = 1250;
				TargetAttributes = {
					1A9788D326AB382400043877 = {
						CreatedOnToolsVersion = 12.5.1;
					};
				};
			};
			buildConfigurationList = 1A9788CF26AB382400043877 /* Build configuration list for PBXProject "InstagramClone" */;
			compatibilityVersion = "Xcode 9.3";
			developmentRegion = en;
			hasScannedForEncodings = 0;
			knownRegions = (
				en,
				Base,
			);
			mainGroup = 1A9788CB26AB382400043877;
			productRefGroup = 1A9788D526AB382400043877 /* Products */;
			projectDirPath = "";
			projectRoot = "";
			targets = (
				1A9788D326AB382400043877 /* InstagramClone */,
			);
		};
/* End PBXProject section */

/* Begin PBXResourcesBuildPhase section */
		1A9788D226AB382400043877 /* Resources */ = {
			isa = PBXResourcesBuildPhase;
			buildActionMask = 2147483647;
			files = (
				1A97890F26AB3B8000043877 /* RecommendTableViewCell.xib in Resources */,
				1A9788E426AB382A00043877 /* LaunchScreen.storyboard in Resources */,
				1A97890B26AB3B8000043877 /* StoriesTableViewCell.xib in Resources */,
				1A9788FA26AB38EC00043877 /* Main.storyboard in Resources */,
				1A97891126AB3BE800043877 /* Assets.xcassets in Resources */,
				1A97890D26AB3B8000043877 /* PictureTableViewCell.xib in Resources */,
			);
			runOnlyForDeploymentPostprocessing = 0;
		};
/* End PBXResourcesBuildPhase section */

/* Begin PBXSourcesBuildPhase section */
		1A9788D026AB382400043877 /* Sources */ = {
			isa = PBXSourcesBuildPhase;
			buildActionMask = 2147483647;
			files = (
				1AAF197526ADC66F00CDD9F7 /* History.swift in Sources */,
				1A9788F126AB38C300043877 /* AddViewController.swift in Sources */,
				1AAF197126ADC14F00CDD9F7 /* StorysTableViewCell.swift in Sources */,
				1A97891326AB5FD900043877 /* LikeTableViewController.swift in Sources */,
				1AAF197326ADC1D200CDD9F7 /* StoriesCollectionViewCell.swift in Sources */,
				1A9788F426AB38C300043877 /* SearchViewController.swift in Sources */,
				1AAF196D26AD989800CDD9F7 /* ProfileTableViewCell.swift in Sources */,
				1A97890C26AB3B8000043877 /* StoriesTableViewCell.swift in Sources */,
				1A9788D826AB382400043877 /* AppDelegate.swift in Sources */,
				1A97891526AB607800043877 /* RequestTableViewCell.swift in Sources */,
				1A9788F026AB38C300043877 /* ProfileViewController.swift in Sources */,
				1A97891826AB6EA600043877 /* TodayTableViewCell.swift in Sources */,
				1AAF197F26AE93CA00CDD9F7 /* PhotoAlbum.swift in Sources */,
				1A97891A26AB6EB300043877 /* WeeklyTableViewCell.swift in Sources */,
				1A97890A26AB3B8000043877 /* RecommendTableViewCell.swift in Sources */,
				1A9788DA26AB382400043877 /* SceneDelegate.swift in Sources */,
				1A97891C26AB9C3700043877 /* Action.swift in Sources */,
				1AAF197926AE80FA00CDD9F7 /* PicturesTableViewCell.swift in Sources */,
				1A9788F326AB38C300043877 /* HomeViewController.swift in Sources */,
				1A97890E26AB3B8000043877 /* PictureTableViewCell.swift in Sources */,
				1AAF197726AE6ECA00CDD9F7 /* SegmentTableViewCell.swift in Sources */,
				1AAF197D26AE81A700CDD9F7 /* PicturesCollectionViewCell.swift in Sources */,
			);
			runOnlyForDeploymentPostprocessing = 0;
		};
/* End PBXSourcesBuildPhase section */

/* Begin PBXVariantGroup section */
		1A9788E226AB382A00043877 /* LaunchScreen.storyboard */ = {
			isa = PBXVariantGroup;
			children = (
				1A9788E326AB382A00043877 /* Base */,
			);
			name = LaunchScreen.storyboard;
			sourceTree = "<group>";
		};
/* End PBXVariantGroup section */

/* Begin XCBuildConfiguration section */
		1A9788E626AB382A00043877 /* Debug */ = {
			isa = XCBuildConfiguration;
			buildSettings = {
				ALWAYS_SEARCH_USER_PATHS = NO;
				CLANG_ANALYZER_NONNULL = YES;
				CLANG_ANALYZER_NUMBER_OBJECT_CONVERSION = YES_AGGRESSIVE;
				CLANG_CXX_LANGUAGE_STANDARD = "gnu++14";
				CLANG_CXX_LIBRARY = "libc++";
				CLANG_ENABLE_MODULES = YES;
				CLANG_ENABLE_OBJC_ARC = YES;
				CLANG_ENABLE_OBJC_WEAK = YES;
				CLANG_WARN_BLOCK_CAPTURE_AUTORELEASING = YES;
				CLANG_WARN_BOOL_CONVERSION = YES;
				CLANG_WARN_COMMA = YES;
				CLANG_WARN_CONSTANT_CONVERSION = YES;
				CLANG_WARN_DEPRECATED_OBJC_IMPLEMENTATIONS = YES;
				CLANG_WARN_DIRECT_OBJC_ISA_USAGE = YES_ERROR;
				CLANG_WARN_DOCUMENTATION_COMMENTS = YES;
				CLANG_WARN_EMPTY_BODY = YES;
				CLANG_WARN_ENUM_CONVERSION = YES;
				CLANG_WARN_INFINITE_RECURSION = YES;
				CLANG_WARN_INT_CONVERSION = YES;
				CLANG_WARN_NON_LITERAL_NULL_CONVERSION = YES;
				CLANG_WARN_OBJC_IMPLICIT_RETAIN_SELF = YES;
				CLANG_WARN_OBJC_LITERAL_CONVERSION = YES;
				CLANG_WARN_OBJC_ROOT_CLASS = YES_ERROR;
				CLANG_WARN_QUOTED_INCLUDE_IN_FRAMEWORK_HEADER = YES;
				CLANG_WARN_RANGE_LOOP_ANALYSIS = YES;
				CLANG_WARN_STRICT_PROTOTYPES = YES;
				CLANG_WARN_SUSPICIOUS_MOVE = YES;
				CLANG_WARN_UNGUARDED_AVAILABILITY = YES_AGGRESSIVE;
				CLANG_WARN_UNREACHABLE_CODE = YES;
				CLANG_WARN__DUPLICATE_METHOD_MATCH = YES;
				COPY_PHASE_STRIP = NO;
				DEBUG_INFORMATION_FORMAT = dwarf;
				ENABLE_STRICT_OBJC_MSGSEND = YES;
				ENABLE_TESTABILITY = YES;
				GCC_C_LANGUAGE_STANDARD = gnu11;
				GCC_DYNAMIC_NO_PIC = NO;
				GCC_NO_COMMON_BLOCKS = YES;
				GCC_OPTIMIZATION_LEVEL = 0;
				GCC_PREPROCESSOR_DEFINITIONS = (
					"DEBUG=1",
					"$(inherited)",
				);
				GCC_WARN_64_TO_32_BIT_CONVERSION = YES;
				GCC_WARN_ABOUT_RETURN_TYPE = YES_ERROR;
				GCC_WARN_UNDECLARED_SELECTOR = YES;
				GCC_WARN_UNINITIALIZED_AUTOS = YES_AGGRESSIVE;
				GCC_WARN_UNUSED_FUNCTION = YES;
				GCC_WARN_UNUSED_VARIABLE = YES;
				IPHONEOS_DEPLOYMENT_TARGET = 14.5;
				MTL_ENABLE_DEBUG_INFO = INCLUDE_SOURCE;
				MTL_FAST_MATH = YES;
				ONLY_ACTIVE_ARCH = YES;
				SDKROOT = iphoneos;
				SWIFT_ACTIVE_COMPILATION_CONDITIONS = DEBUG;
				SWIFT_OPTIMIZATION_LEVEL = "-Onone";
			};
			name = Debug;
		};
		1A9788E726AB382A00043877 /* Release */ = {
			isa = XCBuildConfiguration;
			buildSettings = {
				ALWAYS_SEARCH_USER_PATHS = NO;
				CLANG_ANALYZER_NONNULL = YES;
				CLANG_ANALYZER_NUMBER_OBJECT_CONVERSION = YES_AGGRESSIVE;
				CLANG_CXX_LANGUAGE_STANDARD = "gnu++14";
				CLANG_CXX_LIBRARY = "libc++";
				CLANG_ENABLE_MODULES = YES;
				CLANG_ENABLE_OBJC_ARC = YES;
				CLANG_ENABLE_OBJC_WEAK = YES;
				CLANG_WARN_BLOCK_CAPTURE_AUTORELEASING = YES;
				CLANG_WARN_BOOL_CONVERSION = YES;
				CLANG_WARN_COMMA = YES;
				CLANG_WARN_CONSTANT_CONVERSION = YES;
				CLANG_WARN_DEPRECATED_OBJC_IMPLEMENTATIONS = YES;
				CLANG_WARN_DIRECT_OBJC_ISA_USAGE = YES_ERROR;
				CLANG_WARN_DOCUMENTATION_COMMENTS = YES;
				CLANG_WARN_EMPTY_BODY = YES;
				CLANG_WARN_ENUM_CONVERSION = YES;
				CLANG_WARN_INFINITE_RECURSION = YES;
				CLANG_WARN_INT_CONVERSION = YES;
				CLANG_WARN_NON_LITERAL_NULL_CONVERSION = YES;
				CLANG_WARN_OBJC_IMPLICIT_RETAIN_SELF = YES;
				CLANG_WARN_OBJC_LITERAL_CONVERSION = YES;
				CLANG_WARN_OBJC_ROOT_CLASS = YES_ERROR;
				CLANG_WARN_QUOTED_INCLUDE_IN_FRAMEWORK_HEADER = YES;
				CLANG_WARN_RANGE_LOOP_ANALYSIS = YES;
				CLANG_WARN_STRICT_PROTOTYPES = YES;
				CLANG_WARN_SUSPICIOUS_MOVE = YES;
				CLANG_WARN_UNGUARDED_AVAILABILITY = YES_AGGRESSIVE;
				CLANG_WARN_UNREACHABLE_CODE = YES;
				CLANG_WARN__DUPLICATE_METHOD_MATCH = YES;
				COPY_PHASE_STRIP = NO;
				DEBUG_INFORMATION_FORMAT = "dwarf-with-dsym";
				ENABLE_NS_ASSERTIONS = NO;
				ENABLE_STRICT_OBJC_MSGSEND = YES;
				GCC_C_LANGUAGE_STANDARD = gnu11;
				GCC_NO_COMMON_BLOCKS = YES;
				GCC_WARN_64_TO_32_BIT_CONVERSION = YES;
				GCC_WARN_ABOUT_RETURN_TYPE = YES_ERROR;
				GCC_WARN_UNDECLARED_SELECTOR = YES;
				GCC_WARN_UNINITIALIZED_AUTOS = YES_AGGRESSIVE;
				GCC_WARN_UNUSED_FUNCTION = YES;
				GCC_WARN_UNUSED_VARIABLE = YES;
				IPHONEOS_DEPLOYMENT_TARGET = 14.5;
				MTL_ENABLE_DEBUG_INFO = NO;
				MTL_FAST_MATH = YES;
				SDKROOT = iphoneos;
				SWIFT_COMPILATION_MODE = wholemodule;
				SWIFT_OPTIMIZATION_LEVEL = "-O";
				VALIDATE_PRODUCT = YES;
			};
			name = Release;
		};
		1A9788E926AB382A00043877 /* Debug */ = {
			isa = XCBuildConfiguration;
			buildSettings = {
				ASSETCATALOG_COMPILER_APPICON_NAME = AppIcon;
				ASSETCATALOG_COMPILER_GLOBAL_ACCENT_COLOR_NAME = AccentColor;
				CODE_SIGN_STYLE = Automatic;
				DEVELOPMENT_TEAM = P585F5SRY2;
				INFOPLIST_FILE = InstagramClone/Info.plist;
				LD_RUNPATH_SEARCH_PATHS = (
					"$(inherited)",
					"@executable_path/Frameworks",
				);
				PRODUCT_BUNDLE_IDENTIFIER = Swordinmouth.InstagramClone;
				PRODUCT_NAME = "$(TARGET_NAME)";
				SWIFT_VERSION = 5.0;
				TARGETED_DEVICE_FAMILY = "1,2";
			};
			name = Debug;
		};
		1A9788EA26AB382A00043877 /* Release */ = {
			isa = XCBuildConfiguration;
			buildSettings = {
				ASSETCATALOG_COMPILER_APPICON_NAME = AppIcon;
				ASSETCATALOG_COMPILER_GLOBAL_ACCENT_COLOR_NAME = AccentColor;
				CODE_SIGN_STYLE = Automatic;
				DEVELOPMENT_TEAM = P585F5SRY2;
				INFOPLIST_FILE = InstagramClone/Info.plist;
				LD_RUNPATH_SEARCH_PATHS = (
					"$(inherited)",
					"@executable_path/Frameworks",
				);
				PRODUCT_BUNDLE_IDENTIFIER = Swordinmouth.InstagramClone;
				PRODUCT_NAME = "$(TARGET_NAME)";
				SWIFT_VERSION = 5.0;
				TARGETED_DEVICE_FAMILY = "1,2";
			};
			name = Release;
		};
/* End XCBuildConfiguration section */

/* Begin XCConfigurationList section */
		1A9788CF26AB382400043877 /* Build configuration list for PBXProject "InstagramClone" */ = {
			isa = XCConfigurationList;
			buildConfigurations = (
				1A9788E626AB382A00043877 /* Debug */,
				1A9788E726AB382A00043877 /* Release */,
			);
			defaultConfigurationIsVisible = 0;
			defaultConfigurationName = Release;
		};
		1A9788E826AB382A00043877 /* Build configuration list for PBXNativeTarget "InstagramClone" */ = {
			isa = XCConfigurationList;
			buildConfigurations = (
				1A9788E926AB382A00043877 /* Debug */,
				1A9788EA26AB382A00043877 /* Release */,
			);
			defaultConfigurationIsVisible = 0;
			defaultConfigurationName = Release;
		};
/* End XCConfigurationList section */
	};
	rootObject = 1A9788CC26AB382400043877 /* Project object */;
}
